
Microsoft Visual Studio Solution File, Format Version 12.00
# Visual Studio Version 17
VisualStudioVersion = 17.0.32112.339
MinimumVisualStudioVersion = 10.0.40219.1
Project("{FAE04EC0-301F-11D3-BF4B-00C04F79EFBC}") = "Mashimport", "Mashimport\Mashimport.csproj", "{773938D7-450A-4327-A512-94DD9900C334}"
EndProject
Global
	GlobalSection(SolutionConfigurationPlatforms) = preSolution
		Debug|Any CPU = Debug|Any CPU
		Release|Any CPU = Release|Any CPU
	EndGlobalSection
	GlobalSection(ProjectConfigurationPlatforms) = postSolution
		{773938D7-450A-4327-A512-94DD9900C334}.Debug|Any CPU.ActiveCfg = Debug|Any CPU
		{773938D7-450A-4327-A512-94DD9900C334}.Debug|Any CPU.Build.0 = Debug|Any CPU
		{773938D7-450A-4327-A512-94DD9900C334}.Release|Any CPU.ActiveCfg = Release|Any CPU
		{773938D7-450A-4327-A512-94DD9900C334}.Release|Any CPU.Build.0 = Release|Any CPU
	EndGlobalSection
	GlobalSection(SolutionProperties) = preSolution
		HideSolutionNode = FALSE
	EndGlobalSection
	GlobalSection(ExtensibilityGlobals) = postSolution
		SolutionGuid = {9C0792C6-A14F-4615-A000-11E9E54DF2D9}
	EndGlobalSection
EndGlobal
